
Microsoft Visual Studio Solution File, Format Version 12.00
# Visual Studio 15
VisualStudioVersion = 15.0.28010.2036
MinimumVisualStudioVersion = 10.0.40219.1
Project("{FAE04EC0-301F-11D3-BF4B-00C04F79EFBC}") = "Zad.1", "Zad.1\Zad.1.csproj", "{FD2F3EF5-61C4-4F34-A740-BFDF5D2E0549}"
EndProject
Project("{FAE04EC0-301F-11D3-BF4B-00C04F79EFBC}") = "Zad.2", "Zad.2\Zad.2.csproj", "{917A6CB8-09CA-4DFC-9B38-CE26C2EB804A}"
EndProject
Project("{FAE04EC0-301F-11D3-BF4B-00C04F79EFBC}") = "Zad.3", "Zad.3\Zad.3.csproj", "{A657B69C-C509-48F2-8191-508FA97A4805}"
EndProject
Project("{FAE04EC0-301F-11D3-BF4B-00C04F79EFBC}") = "Zad.4", "Zad.4\Zad.4.csproj", "{ED9F057D-2854-4FD5-9BED-05DA8A105EA8}"
EndProject
Project("{FAE04EC0-301F-11D3-BF4B-00C04F79EFBC}") = "Zad.5", "Zad.5\Zad.5.csproj", "{792636BD-3326-4F6A-97D4-2C96C03C72CA}"
EndProject
Project("{FAE04EC0-301F-11D3-BF4B-00C04F79EFBC}") = "Zad.6", "Zad.6\Zad.6.csproj", "{5B5939C1-29E4-4B07-9C7E-F2296E81DE19}"
EndProject
Project("{FAE04EC0-301F-11D3-BF4B-00C04F79EFBC}") = "Zad.7", "Zad.7\Zad.7.csproj", "{14BDA202-A87E-4470-9EFF-35C4A63A0D12}"
EndProject
Project("{FAE04EC0-301F-11D3-BF4B-00C04F79EFBC}") = "Zad.8", "Zad.8\Zad.8.csproj", "{29EF5DF7-F1A5-4D95-A987-D5829DB2FA77}"
EndProject
Project("{FAE04EC0-301F-11D3-BF4B-00C04F79EFBC}") = "Zad.9", "Zad.9\Zad.9.csproj", "{337A9279-6A58-4A2E-8F56-868AEFF232C3}"
EndProject
Project("{FAE04EC0-301F-11D3-BF4B-00C04F79EFBC}") = "Zad.10", "Zad.10\Zad.10.csproj", "{47EB0E13-66A7-4132-8FC9-AAA69EEA1C3B}"
EndProject
Project("{FAE04EC0-301F-11D3-BF4B-00C04F79EFBC}") = "Zad.11", "Zad.11\Zad.11.csproj", "{F2DB47FE-ECD4-4547-AC8A-C0C536DEC6C9}"
EndProject
Project("{FAE04EC0-301F-11D3-BF4B-00C04F79EFBC}") = "Zad.12", "Zad.12\Zad.12.csproj", "{5688D127-7E63-450B-BBD8-B877A260315C}"
EndProject
Project("{FAE04EC0-301F-11D3-BF4B-00C04F79EFBC}") = "Zad.13", "Zad.13\Zad.13.csproj", "{ADA27269-B67E-4171-901A-40E3C4908DAD}"
EndProject
Project("{FAE04EC0-301F-11D3-BF4B-00C04F79EFBC}") = "Zad.14", "Zad.14\Zad.14.csproj", "{F22A6166-87F2-4820-8945-788463A6FF68}"
EndProject
Global
	GlobalSection(SolutionConfigurationPlatforms) = preSolution
		Debug|Any CPU = Debug|Any CPU
		Release|Any CPU = Release|Any CPU
	EndGlobalSection
	GlobalSection(ProjectConfigurationPlatforms) = postSolution
		{FD2F3EF5-61C4-4F34-A740-BFDF5D2E0549}.Debug|Any CPU.ActiveCfg = Debug|Any CPU
		{FD2F3EF5-61C4-4F34-A740-BFDF5D2E0549}.Debug|Any CPU.Build.0 = Debug|Any CPU
		{FD2F3EF5-61C4-4F34-A740-BFDF5D2E0549}.Release|Any CPU.ActiveCfg = Release|Any CPU
		{FD2F3EF5-61C4-4F34-A740-BFDF5D2E0549}.Release|Any CPU.Build.0 = Release|Any CPU
		{917A6CB8-09CA-4DFC-9B38-CE26C2EB804A}.Debug|Any CPU.ActiveCfg = Debug|Any CPU
		{917A6CB8-09CA-4DFC-9B38-CE26C2EB804A}.Debug|Any CPU.Build.0 = Debug|Any CPU
		{917A6CB8-09CA-4DFC-9B38-CE26C2EB804A}.Release|Any CPU.ActiveCfg = Release|Any CPU
		{917A6CB8-09CA-4DFC-9B38-CE26C2EB804A}.Release|Any CPU.Build.0 = Release|Any CPU
		{A657B69C-C509-48F2-8191-508FA97A4805}.Debug|Any CPU.ActiveCfg = Debug|Any CPU
		{A657B69C-C509-48F2-8191-508FA97A4805}.Debug|Any CPU.Build.0 = Debug|Any CPU
		{A657B69C-C509-48F2-8191-508FA97A4805}.Release|Any CPU.ActiveCfg = Release|Any CPU
		{A657B69C-C509-48F2-8191-508FA97A4805}.Release|Any CPU.Build.0 = Release|Any CPU
		{ED9F057D-2854-4FD5-9BED-05DA8A105EA8}.Debug|Any CPU.ActiveCfg = Debug|Any CPU
		{ED9F057D-2854-4FD5-9BED-05DA8A105EA8}.Debug|Any CPU.Build.0 = Debug|Any CPU
		{ED9F057D-2854-4FD5-9BED-05DA8A105EA8}.Release|Any CPU.ActiveCfg = Release|Any CPU
		{ED9F057D-2854-4FD5-9BED-05DA8A105EA8}.Release|Any CPU.Build.0 = Release|Any CPU
		{792636BD-3326-4F6A-97D4-2C96C03C72CA}.Debug|Any CPU.ActiveCfg = Debug|Any CPU
		{792636BD-3326-4F6A-97D4-2C96C03C72CA}.Debug|Any CPU.Build.0 = Debug|Any CPU
		{792636BD-3326-4F6A-97D4-2C96C03C72CA}.Release|Any CPU.ActiveCfg = Release|Any CPU
		{792636BD-3326-4F6A-97D4-2C96C03C72CA}.Release|Any CPU.Build.0 = Release|Any CPU
		{5B5939C1-29E4-4B07-9C7E-F2296E81DE19}.Debug|Any CPU.ActiveCfg = Debug|Any CPU
		{5B5939C1-29E4-4B07-9C7E-F2296E81DE19}.Debug|Any CPU.Build.0 = Debug|Any CPU
		{5B5939C1-29E4-4B07-9C7E-F2296E81DE19}.Release|Any CPU.ActiveCfg = Release|Any CPU
		{5B5939C1-29E4-4B07-9C7E-F2296E81DE19}.Release|Any CPU.Build.0 = Release|Any CPU
		{14BDA202-A87E-4470-9EFF-35C4A63A0D12}.Debug|Any CPU.ActiveCfg = Debug|Any CPU
		{14BDA202-A87E-4470-9EFF-35C4A63A0D12}.Debug|Any CPU.Build.0 = Debug|Any CPU
		{14BDA202-A87E-4470-9EFF-35C4A63A0D12}.Release|Any CPU.ActiveCfg = Release|Any CPU
		{14BDA202-A87E-4470-9EFF-35C4A63A0D12}.Release|Any CPU.Build.0 = Release|Any CPU
		{29EF5DF7-F1A5-4D95-A987-D5829DB2FA77}.Debug|Any CPU.ActiveCfg = Debug|Any CPU
		{29EF5DF7-F1A5-4D95-A987-D5829DB2FA77}.Debug|Any CPU.Build.0 = Debug|Any CPU
		{29EF5DF7-F1A5-4D95-A987-D5829DB2FA77}.Release|Any CPU.ActiveCfg = Release|Any CPU
		{29EF5DF7-F1A5-4D95-A987-D5829DB2FA77}.Release|Any CPU.Build.0 = Release|Any CPU
		{337A9279-6A58-4A2E-8F56-868AEFF232C3}.Debug|Any CPU.ActiveCfg = Debug|Any CPU
		{337A9279-6A58-4A2E-8F56-868AEFF232C3}.Debug|Any CPU.Build.0 = Debug|Any CPU
		{337A9279-6A58-4A2E-8F56-868AEFF232C3}.Release|Any CPU.ActiveCfg = Release|Any CPU
		{337A9279-6A58-4A2E-8F56-868AEFF232C3}.Release|Any CPU.Build.0 = Release|Any CPU
		{47EB0E13-66A7-4132-8FC9-AAA69EEA1C3B}.Debug|Any CPU.ActiveCfg = Debug|Any CPU
		{47EB0E13-66A7-4132-8FC9-AAA69EEA1C3B}.Debug|Any CPU.Build.0 = Debug|Any CPU
		{47EB0E13-66A7-4132-8FC9-AAA69EEA1C3B}.Release|Any CPU.ActiveCfg = Release|Any CPU
		{47EB0E13-66A7-4132-8FC9-AAA69EEA1C3B}.Release|Any CPU.Build.0 = Release|Any CPU
		{F2DB47FE-ECD4-4547-AC8A-C0C536DEC6C9}.Debug|Any CPU.ActiveCfg = Debug|Any CPU
		{F2DB47FE-ECD4-4547-AC8A-C0C536DEC6C9}.Debug|Any CPU.Build.0 = Debug|Any CPU
		{F2DB47FE-ECD4-4547-AC8A-C0C536DEC6C9}.Release|Any CPU.ActiveCfg = Release|Any CPU
		{F2DB47FE-ECD4-4547-AC8A-C0C536DEC6C9}.Release|Any CPU.Build.0 = Release|Any CPU
		{5688D127-7E63-450B-BBD8-B877A260315C}.Debug|Any CPU.ActiveCfg = Debug|Any CPU
		{5688D127-7E63-450B-BBD8-B877A260315C}.Debug|Any CPU.Build.0 = Debug|Any CPU
		{5688D127-7E63-450B-BBD8-B877A260315C}.Release|Any CPU.ActiveCfg = Release|Any CPU
		{5688D127-7E63-450B-BBD8-B877A260315C}.Release|Any CPU.Build.0 = Release|Any CPU
		{ADA27269-B67E-4171-901A-40E3C4908DAD}.Debug|Any CPU.ActiveCfg = Debug|Any CPU
		{ADA27269-B67E-4171-901A-40E3C4908DAD}.Debug|Any CPU.Build.0 = Debug|Any CPU
		{ADA27269-B67E-4171-901A-40E3C4908DAD}.Release|Any CPU.ActiveCfg = Release|Any CPU
		{ADA27269-B67E-4171-901A-40E3C4908DAD}.Release|Any CPU.Build.0 = Release|Any CPU
		{F22A6166-87F2-4820-8945-788463A6FF68}.Debug|Any CPU.ActiveCfg = Debug|Any CPU
		{F22A6166-87F2-4820-8945-788463A6FF68}.Debug|Any CPU.Build.0 = Debug|Any CPU
		{F22A6166-87F2-4820-8945-788463A6FF68}.Release|Any CPU.ActiveCfg = Release|Any CPU
		{F22A6166-87F2-4820-8945-788463A6FF68}.Release|Any CPU.Build.0 = Release|Any CPU
	EndGlobalSection
	GlobalSection(SolutionProperties) = preSolution
		HideSolutionNode = FALSE
	EndGlobalSection
	GlobalSection(ExtensibilityGlobals) = postSolution
		SolutionGuid = {66B6D022-4AD6-419D-8A0B-C422F17223F1}
	EndGlobalSection
EndGlobal
